
Microsoft Visual Studio Solution File, Format Version 12.00
# Visual Studio Version 16
Project("{2150E333-8FDC-42A3-9474-1A3956D46DE8}") = "Modules", "Modules", "{65CB7E83-D18B-FAB9-9AC6-433706463F96}"
EndProject
Project("{8BC9CEB8-8B4A-11D0-8D11-00A0C91BC942}") = "BuildAll", "Modules\BuildAll\BuildAll.vcxproj", "{6EE9D18F-5AB6-2C9B-83CF-1A436FFB6129}"
EndProject
Project("{8BC9CEB8-8B4A-11D0-8D11-00A0C91BC942}") = "Core", "Modules\Core\Core.vcxproj", "{2EB4837C-1AEB-840D-C3D7-6A10AFED000F}"
EndProject
Project("{8BC9CEB8-8B4A-11D0-8D11-00A0C91BC942}") = "ErrorHandler", "Modules\ErrorHandler\ErrorHandler.vcxproj", "{6DC42202-5927-B2A6-02AD-EA5CEEEE7D29}"
EndProject
Project("{8BC9CEB8-8B4A-11D0-8D11-00A0C91BC942}") = "GraphicsCore", "Modules\GraphicsCore\GraphicsCore.vcxproj", "{BF92744A-ABF5-03EF-547B-3CA540BDCF71}"
EndProject
Project("{8BC9CEB8-8B4A-11D0-8D11-00A0C91BC942}") = "Inputs", "Modules\Inputs\Inputs.vcxproj", "{A88D2DBA-942F-5890-7DEA-6BE4692BDFE0}"
EndProject
Project("{8BC9CEB8-8B4A-11D0-8D11-00A0C91BC942}") = "Maths", "Modules\Maths\Maths.vcxproj", "{028BA70D-6E9F-CFBE-3721-731EA3F4CBEF}"
EndProject
Project("{8BC9CEB8-8B4A-11D0-8D11-00A0C91BC942}") = "Memory", "Modules\Memory\Memory.vcxproj", "{BE94DDC2-AA36-0899-93F1-1BED7F328FE9}"
EndProject
Project("{8BC9CEB8-8B4A-11D0-8D11-00A0C91BC942}") = "VulkanBackend", "Modules\VulkanBackend\VulkanBackend.vcxproj", "{7E8F1DD3-EA4F-9909-B38A-E2861F0ADEE5}"
EndProject
Project("{2150E333-8FDC-42A3-9474-1A3956D46DE8}") = "Tests", "Tests", "{1FCE6517-8B83-DE0C-1478-D8E3802CD510}"
EndProject
Project("{8BC9CEB8-8B4A-11D0-8D11-00A0C91BC942}") = "CoreTests", "Tests\CoreTests\CoreTests.vcxproj", "{21E66A18-8D50-1F8F-D68E-D0344238FDE3}"
EndProject
Project("{8BC9CEB8-8B4A-11D0-8D11-00A0C91BC942}") = "ErrorHandlerTests", "Tests\ErrorHandlerTests\ErrorHandlerTests.vcxproj", "{C0F5E8DE-2C0C-E774-7583-7296E1D8B7FC}"
EndProject
Project("{8BC9CEB8-8B4A-11D0-8D11-00A0C91BC942}") = "InputTests", "Tests\InputTests\InputTests.vcxproj", "{E884140A-D43C-5657-3D44-2FB3291BF147}"
EndProject
Project("{8BC9CEB8-8B4A-11D0-8D11-00A0C91BC942}") = "MathsTests", "Tests\MathsTests\MathsTests.vcxproj", "{7521EAF5-61D9-2B43-CAE0-049FB6B7C633}"
EndProject
Project("{8BC9CEB8-8B4A-11D0-8D11-00A0C91BC942}") = "MemoryTests", "Tests\MemoryTests\MemoryTests.vcxproj", "{B1A0D711-1D56-5007-A64A-4ADE12FF460B}"
EndProject
Project("{8BC9CEB8-8B4A-11D0-8D11-00A0C91BC942}") = "VulkanBackendTests", "Tests\VulkanBackendTests\VulkanBackendTests.vcxproj", "{7153020B-5D37-C360-C697-BDB3B29AADE2}"
EndProject
Global
	GlobalSection(SolutionConfigurationPlatforms) = preSolution
		Debug|Mac = Debug|Mac
		Debug|Unix = Debug|Unix
		Debug|Windows = Debug|Windows
		Release|Mac = Release|Mac
		Release|Unix = Release|Unix
		Release|Windows = Release|Windows
	EndGlobalSection
	GlobalSection(ProjectConfigurationPlatforms) = postSolution
		{6EE9D18F-5AB6-2C9B-83CF-1A436FFB6129}.Debug|Mac.ActiveCfg = Debug Mac|x64
		{6EE9D18F-5AB6-2C9B-83CF-1A436FFB6129}.Debug|Mac.Build.0 = Debug Mac|x64
		{6EE9D18F-5AB6-2C9B-83CF-1A436FFB6129}.Debug|Unix.ActiveCfg = Debug Unix|x64
		{6EE9D18F-5AB6-2C9B-83CF-1A436FFB6129}.Debug|Unix.Build.0 = Debug Unix|x64
		{6EE9D18F-5AB6-2C9B-83CF-1A436FFB6129}.Debug|Windows.ActiveCfg = Debug Windows|x64
		{6EE9D18F-5AB6-2C9B-83CF-1A436FFB6129}.Debug|Windows.Build.0 = Debug Windows|x64
		{6EE9D18F-5AB6-2C9B-83CF-1A436FFB6129}.Release|Mac.ActiveCfg = Release Mac|x64
		{6EE9D18F-5AB6-2C9B-83CF-1A436FFB6129}.Release|Mac.Build.0 = Release Mac|x64
		{6EE9D18F-5AB6-2C9B-83CF-1A436FFB6129}.Release|Unix.ActiveCfg = Release Unix|x64
		{6EE9D18F-5AB6-2C9B-83CF-1A436FFB6129}.Release|Unix.Build.0 = Release Unix|x64
		{6EE9D18F-5AB6-2C9B-83CF-1A436FFB6129}.Release|Windows.ActiveCfg = Release Windows|x64
		{6EE9D18F-5AB6-2C9B-83CF-1A436FFB6129}.Release|Windows.Build.0 = Release Windows|x64
		{2EB4837C-1AEB-840D-C3D7-6A10AFED000F}.Debug|Mac.ActiveCfg = Debug Mac|x64
		{2EB4837C-1AEB-840D-C3D7-6A10AFED000F}.Debug|Mac.Build.0 = Debug Mac|x64
		{2EB4837C-1AEB-840D-C3D7-6A10AFED000F}.Debug|Unix.ActiveCfg = Debug Unix|x64
		{2EB4837C-1AEB-840D-C3D7-6A10AFED000F}.Debug|Unix.Build.0 = Debug Unix|x64
		{2EB4837C-1AEB-840D-C3D7-6A10AFED000F}.Debug|Windows.ActiveCfg = Debug Windows|x64
		{2EB4837C-1AEB-840D-C3D7-6A10AFED000F}.Debug|Windows.Build.0 = Debug Windows|x64
		{2EB4837C-1AEB-840D-C3D7-6A10AFED000F}.Release|Mac.ActiveCfg = Release Mac|x64
		{2EB4837C-1AEB-840D-C3D7-6A10AFED000F}.Release|Mac.Build.0 = Release Mac|x64
		{2EB4837C-1AEB-840D-C3D7-6A10AFED000F}.Release|Unix.ActiveCfg = Release Unix|x64
		{2EB4837C-1AEB-840D-C3D7-6A10AFED000F}.Release|Unix.Build.0 = Release Unix|x64
		{2EB4837C-1AEB-840D-C3D7-6A10AFED000F}.Release|Windows.ActiveCfg = Release Windows|x64
		{2EB4837C-1AEB-840D-C3D7-6A10AFED000F}.Release|Windows.Build.0 = Release Windows|x64
		{6DC42202-5927-B2A6-02AD-EA5CEEEE7D29}.Debug|Mac.ActiveCfg = Debug Mac|x64
		{6DC42202-5927-B2A6-02AD-EA5CEEEE7D29}.Debug|Mac.Build.0 = Debug Mac|x64
		{6DC42202-5927-B2A6-02AD-EA5CEEEE7D29}.Debug|Unix.ActiveCfg = Debug Unix|x64
		{6DC42202-5927-B2A6-02AD-EA5CEEEE7D29}.Debug|Unix.Build.0 = Debug Unix|x64
		{6DC42202-5927-B2A6-02AD-EA5CEEEE7D29}.Debug|Windows.ActiveCfg = Debug Windows|x64
		{6DC42202-5927-B2A6-02AD-EA5CEEEE7D29}.Debug|Windows.Build.0 = Debug Windows|x64
		{6DC42202-5927-B2A6-02AD-EA5CEEEE7D29}.Release|Mac.ActiveCfg = Release Mac|x64
		{6DC42202-5927-B2A6-02AD-EA5CEEEE7D29}.Release|Mac.Build.0 = Release Mac|x64
		{6DC42202-5927-B2A6-02AD-EA5CEEEE7D29}.Release|Unix.ActiveCfg = Release Unix|x64
		{6DC42202-5927-B2A6-02AD-EA5CEEEE7D29}.Release|Unix.Build.0 = Release Unix|x64
		{6DC42202-5927-B2A6-02AD-EA5CEEEE7D29}.Release|Windows.ActiveCfg = Release Windows|x64
		{6DC42202-5927-B2A6-02AD-EA5CEEEE7D29}.Release|Windows.Build.0 = Release Windows|x64
		{BF92744A-ABF5-03EF-547B-3CA540BDCF71}.Debug|Mac.ActiveCfg = Debug Mac|x64
		{BF92744A-ABF5-03EF-547B-3CA540BDCF71}.Debug|Mac.Build.0 = Debug Mac|x64
		{BF92744A-ABF5-03EF-547B-3CA540BDCF71}.Debug|Unix.ActiveCfg = Debug Unix|x64
		{BF92744A-ABF5-03EF-547B-3CA540BDCF71}.Debug|Unix.Build.0 = Debug Unix|x64
		{BF92744A-ABF5-03EF-547B-3CA540BDCF71}.Debug|Windows.ActiveCfg = Debug Windows|x64
		{BF92744A-ABF5-03EF-547B-3CA540BDCF71}.Debug|Windows.Build.0 = Debug Windows|x64
		{BF92744A-ABF5-03EF-547B-3CA540BDCF71}.Release|Mac.ActiveCfg = Release Mac|x64
		{BF92744A-ABF5-03EF-547B-3CA540BDCF71}.Release|Mac.Build.0 = Release Mac|x64
		{BF92744A-ABF5-03EF-547B-3CA540BDCF71}.Release|Unix.ActiveCfg = Release Unix|x64
		{BF92744A-ABF5-03EF-547B-3CA540BDCF71}.Release|Unix.Build.0 = Release Unix|x64
		{BF92744A-ABF5-03EF-547B-3CA540BDCF71}.Release|Windows.ActiveCfg = Release Windows|x64
		{BF92744A-ABF5-03EF-547B-3CA540BDCF71}.Release|Windows.Build.0 = Release Windows|x64
		{A88D2DBA-942F-5890-7DEA-6BE4692BDFE0}.Debug|Mac.ActiveCfg = Debug Mac|x64
		{A88D2DBA-942F-5890-7DEA-6BE4692BDFE0}.Debug|Mac.Build.0 = Debug Mac|x64
		{A88D2DBA-942F-5890-7DEA-6BE4692BDFE0}.Debug|Unix.ActiveCfg = Debug Unix|x64
		{A88D2DBA-942F-5890-7DEA-6BE4692BDFE0}.Debug|Unix.Build.0 = Debug Unix|x64
		{A88D2DBA-942F-5890-7DEA-6BE4692BDFE0}.Debug|Windows.ActiveCfg = Debug Windows|x64
		{A88D2DBA-942F-5890-7DEA-6BE4692BDFE0}.Debug|Windows.Build.0 = Debug Windows|x64
		{A88D2DBA-942F-5890-7DEA-6BE4692BDFE0}.Release|Mac.ActiveCfg = Release Mac|x64
		{A88D2DBA-942F-5890-7DEA-6BE4692BDFE0}.Release|Mac.Build.0 = Release Mac|x64
		{A88D2DBA-942F-5890-7DEA-6BE4692BDFE0}.Release|Unix.ActiveCfg = Release Unix|x64
		{A88D2DBA-942F-5890-7DEA-6BE4692BDFE0}.Release|Unix.Build.0 = Release Unix|x64
		{A88D2DBA-942F-5890-7DEA-6BE4692BDFE0}.Release|Windows.ActiveCfg = Release Windows|x64
		{A88D2DBA-942F-5890-7DEA-6BE4692BDFE0}.Release|Windows.Build.0 = Release Windows|x64
		{028BA70D-6E9F-CFBE-3721-731EA3F4CBEF}.Debug|Mac.ActiveCfg = Debug Mac|x64
		{028BA70D-6E9F-CFBE-3721-731EA3F4CBEF}.Debug|Mac.Build.0 = Debug Mac|x64
		{028BA70D-6E9F-CFBE-3721-731EA3F4CBEF}.Debug|Unix.ActiveCfg = Debug Unix|x64
		{028BA70D-6E9F-CFBE-3721-731EA3F4CBEF}.Debug|Unix.Build.0 = Debug Unix|x64
		{028BA70D-6E9F-CFBE-3721-731EA3F4CBEF}.Debug|Windows.ActiveCfg = Debug Windows|x64
		{028BA70D-6E9F-CFBE-3721-731EA3F4CBEF}.Debug|Windows.Build.0 = Debug Windows|x64
		{028BA70D-6E9F-CFBE-3721-731EA3F4CBEF}.Release|Mac.ActiveCfg = Release Mac|x64
		{028BA70D-6E9F-CFBE-3721-731EA3F4CBEF}.Release|Mac.Build.0 = Release Mac|x64
		{028BA70D-6E9F-CFBE-3721-731EA3F4CBEF}.Release|Unix.ActiveCfg = Release Unix|x64
		{028BA70D-6E9F-CFBE-3721-731EA3F4CBEF}.Release|Unix.Build.0 = Release Unix|x64
		{028BA70D-6E9F-CFBE-3721-731EA3F4CBEF}.Release|Windows.ActiveCfg = Release Windows|x64
		{028BA70D-6E9F-CFBE-3721-731EA3F4CBEF}.Release|Windows.Build.0 = Release Windows|x64
		{BE94DDC2-AA36-0899-93F1-1BED7F328FE9}.Debug|Mac.ActiveCfg = Debug Mac|x64
		{BE94DDC2-AA36-0899-93F1-1BED7F328FE9}.Debug|Mac.Build.0 = Debug Mac|x64
		{BE94DDC2-AA36-0899-93F1-1BED7F328FE9}.Debug|Unix.ActiveCfg = Debug Unix|x64
		{BE94DDC2-AA36-0899-93F1-1BED7F328FE9}.Debug|Unix.Build.0 = Debug Unix|x64
		{BE94DDC2-AA36-0899-93F1-1BED7F328FE9}.Debug|Windows.ActiveCfg = Debug Windows|x64
		{BE94DDC2-AA36-0899-93F1-1BED7F328FE9}.Debug|Windows.Build.0 = Debug Windows|x64
		{BE94DDC2-AA36-0899-93F1-1BED7F328FE9}.Release|Mac.ActiveCfg = Release Mac|x64
		{BE94DDC2-AA36-0899-93F1-1BED7F328FE9}.Release|Mac.Build.0 = Release Mac|x64
		{BE94DDC2-AA36-0899-93F1-1BED7F328FE9}.Release|Unix.ActiveCfg = Release Unix|x64
		{BE94DDC2-AA36-0899-93F1-1BED7F328FE9}.Release|Unix.Build.0 = Release Unix|x64
		{BE94DDC2-AA36-0899-93F1-1BED7F328FE9}.Release|Windows.ActiveCfg = Release Windows|x64
		{BE94DDC2-AA36-0899-93F1-1BED7F328FE9}.Release|Windows.Build.0 = Release Windows|x64
		{7E8F1DD3-EA4F-9909-B38A-E2861F0ADEE5}.Debug|Mac.ActiveCfg = Debug Mac|x64
		{7E8F1DD3-EA4F-9909-B38A-E2861F0ADEE5}.Debug|Mac.Build.0 = Debug Mac|x64
		{7E8F1DD3-EA4F-9909-B38A-E2861F0ADEE5}.Debug|Unix.ActiveCfg = Debug Unix|x64
		{7E8F1DD3-EA4F-9909-B38A-E2861F0ADEE5}.Debug|Unix.Build.0 = Debug Unix|x64
		{7E8F1DD3-EA4F-9909-B38A-E2861F0ADEE5}.Debug|Windows.ActiveCfg = Debug Windows|x64
		{7E8F1DD3-EA4F-9909-B38A-E2861F0ADEE5}.Debug|Windows.Build.0 = Debug Windows|x64
		{7E8F1DD3-EA4F-9909-B38A-E2861F0ADEE5}.Release|Mac.ActiveCfg = Release Mac|x64
		{7E8F1DD3-EA4F-9909-B38A-E2861F0ADEE5}.Release|Mac.Build.0 = Release Mac|x64
		{7E8F1DD3-EA4F-9909-B38A-E2861F0ADEE5}.Release|Unix.ActiveCfg = Release Unix|x64
		{7E8F1DD3-EA4F-9909-B38A-E2861F0ADEE5}.Release|Unix.Build.0 = Release Unix|x64
		{7E8F1DD3-EA4F-9909-B38A-E2861F0ADEE5}.Release|Windows.ActiveCfg = Release Windows|x64
		{7E8F1DD3-EA4F-9909-B38A-E2861F0ADEE5}.Release|Windows.Build.0 = Release Windows|x64
		{21E66A18-8D50-1F8F-D68E-D0344238FDE3}.Debug|Mac.ActiveCfg = Debug Mac|x64
		{21E66A18-8D50-1F8F-D68E-D0344238FDE3}.Debug|Mac.Build.0 = Debug Mac|x64
		{21E66A18-8D50-1F8F-D68E-D0344238FDE3}.Debug|Unix.ActiveCfg = Debug Unix|x64
		{21E66A18-8D50-1F8F-D68E-D0344238FDE3}.Debug|Unix.Build.0 = Debug Unix|x64
		{21E66A18-8D50-1F8F-D68E-D0344238FDE3}.Debug|Windows.ActiveCfg = Debug Windows|x64
		{21E66A18-8D50-1F8F-D68E-D0344238FDE3}.Debug|Windows.Build.0 = Debug Windows|x64
		{21E66A18-8D50-1F8F-D68E-D0344238FDE3}.Release|Mac.ActiveCfg = Release Mac|x64
		{21E66A18-8D50-1F8F-D68E-D0344238FDE3}.Release|Mac.Build.0 = Release Mac|x64
		{21E66A18-8D50-1F8F-D68E-D0344238FDE3}.Release|Unix.ActiveCfg = Release Unix|x64
		{21E66A18-8D50-1F8F-D68E-D0344238FDE3}.Release|Unix.Build.0 = Release Unix|x64
		{21E66A18-8D50-1F8F-D68E-D0344238FDE3}.Release|Windows.ActiveCfg = Release Windows|x64
		{21E66A18-8D50-1F8F-D68E-D0344238FDE3}.Release|Windows.Build.0 = Release Windows|x64
		{C0F5E8DE-2C0C-E774-7583-7296E1D8B7FC}.Debug|Mac.ActiveCfg = Debug Mac|x64
		{C0F5E8DE-2C0C-E774-7583-7296E1D8B7FC}.Debug|Mac.Build.0 = Debug Mac|x64
		{C0F5E8DE-2C0C-E774-7583-7296E1D8B7FC}.Debug|Unix.ActiveCfg = Debug Unix|x64
		{C0F5E8DE-2C0C-E774-7583-7296E1D8B7FC}.Debug|Unix.Build.0 = Debug Unix|x64
		{C0F5E8DE-2C0C-E774-7583-7296E1D8B7FC}.Debug|Windows.ActiveCfg = Debug Windows|x64
		{C0F5E8DE-2C0C-E774-7583-7296E1D8B7FC}.Debug|Windows.Build.0 = Debug Windows|x64
		{C0F5E8DE-2C0C-E774-7583-7296E1D8B7FC}.Release|Mac.ActiveCfg = Release Mac|x64
		{C0F5E8DE-2C0C-E774-7583-7296E1D8B7FC}.Release|Mac.Build.0 = Release Mac|x64
		{C0F5E8DE-2C0C-E774-7583-7296E1D8B7FC}.Release|Unix.ActiveCfg = Release Unix|x64
		{C0F5E8DE-2C0C-E774-7583-7296E1D8B7FC}.Release|Unix.Build.0 = Release Unix|x64
		{C0F5E8DE-2C0C-E774-7583-7296E1D8B7FC}.Release|Windows.ActiveCfg = Release Windows|x64
		{C0F5E8DE-2C0C-E774-7583-7296E1D8B7FC}.Release|Windows.Build.0 = Release Windows|x64
		{E884140A-D43C-5657-3D44-2FB3291BF147}.Debug|Mac.ActiveCfg = Debug Mac|x64
		{E884140A-D43C-5657-3D44-2FB3291BF147}.Debug|Mac.Build.0 = Debug Mac|x64
		{E884140A-D43C-5657-3D44-2FB3291BF147}.Debug|Unix.ActiveCfg = Debug Unix|x64
		{E884140A-D43C-5657-3D44-2FB3291BF147}.Debug|Unix.Build.0 = Debug Unix|x64
		{E884140A-D43C-5657-3D44-2FB3291BF147}.Debug|Windows.ActiveCfg = Debug Windows|x64
		{E884140A-D43C-5657-3D44-2FB3291BF147}.Debug|Windows.Build.0 = Debug Windows|x64
		{E884140A-D43C-5657-3D44-2FB3291BF147}.Release|Mac.ActiveCfg = Release Mac|x64
		{E884140A-D43C-5657-3D44-2FB3291BF147}.Release|Mac.Build.0 = Release Mac|x64
		{E884140A-D43C-5657-3D44-2FB3291BF147}.Release|Unix.ActiveCfg = Release Unix|x64
		{E884140A-D43C-5657-3D44-2FB3291BF147}.Release|Unix.Build.0 = Release Unix|x64
		{E884140A-D43C-5657-3D44-2FB3291BF147}.Release|Windows.ActiveCfg = Release Windows|x64
		{E884140A-D43C-5657-3D44-2FB3291BF147}.Release|Windows.Build.0 = Release Windows|x64
		{7521EAF5-61D9-2B43-CAE0-049FB6B7C633}.Debug|Mac.ActiveCfg = Debug Mac|x64
		{7521EAF5-61D9-2B43-CAE0-049FB6B7C633}.Debug|Mac.Build.0 = Debug Mac|x64
		{7521EAF5-61D9-2B43-CAE0-049FB6B7C633}.Debug|Unix.ActiveCfg = Debug Unix|x64
		{7521EAF5-61D9-2B43-CAE0-049FB6B7C633}.Debug|Unix.Build.0 = Debug Unix|x64
		{7521EAF5-61D9-2B43-CAE0-049FB6B7C633}.Debug|Windows.ActiveCfg = Debug Windows|x64
		{7521EAF5-61D9-2B43-CAE0-049FB6B7C633}.Debug|Windows.Build.0 = Debug Windows|x64
		{7521EAF5-61D9-2B43-CAE0-049FB6B7C633}.Release|Mac.ActiveCfg = Release Mac|x64
		{7521EAF5-61D9-2B43-CAE0-049FB6B7C633}.Release|Mac.Build.0 = Release Mac|x64
		{7521EAF5-61D9-2B43-CAE0-049FB6B7C633}.Release|Unix.ActiveCfg = Release Unix|x64
		{7521EAF5-61D9-2B43-CAE0-049FB6B7C633}.Release|Unix.Build.0 = Release Unix|x64
		{7521EAF5-61D9-2B43-CAE0-049FB6B7C633}.Release|Windows.ActiveCfg = Release Windows|x64
		{7521EAF5-61D9-2B43-CAE0-049FB6B7C633}.Release|Windows.Build.0 = Release Windows|x64
		{B1A0D711-1D56-5007-A64A-4ADE12FF460B}.Debug|Mac.ActiveCfg = Debug Mac|x64
		{B1A0D711-1D56-5007-A64A-4ADE12FF460B}.Debug|Mac.Build.0 = Debug Mac|x64
		{B1A0D711-1D56-5007-A64A-4ADE12FF460B}.Debug|Unix.ActiveCfg = Debug Unix|x64
		{B1A0D711-1D56-5007-A64A-4ADE12FF460B}.Debug|Unix.Build.0 = Debug Unix|x64
		{B1A0D711-1D56-5007-A64A-4ADE12FF460B}.Debug|Windows.ActiveCfg = Debug Windows|x64
		{B1A0D711-1D56-5007-A64A-4ADE12FF460B}.Debug|Windows.Build.0 = Debug Windows|x64
		{B1A0D711-1D56-5007-A64A-4ADE12FF460B}.Release|Mac.ActiveCfg = Release Mac|x64
		{B1A0D711-1D56-5007-A64A-4ADE12FF460B}.Release|Mac.Build.0 = Release Mac|x64
		{B1A0D711-1D56-5007-A64A-4ADE12FF460B}.Release|Unix.ActiveCfg = Release Unix|x64
		{B1A0D711-1D56-5007-A64A-4ADE12FF460B}.Release|Unix.Build.0 = Release Unix|x64
		{B1A0D711-1D56-5007-A64A-4ADE12FF460B}.Release|Windows.ActiveCfg = Release Windows|x64
		{B1A0D711-1D56-5007-A64A-4ADE12FF460B}.Release|Windows.Build.0 = Release Windows|x64
		{7153020B-5D37-C360-C697-BDB3B29AADE2}.Debug|Mac.ActiveCfg = Debug Mac|x64
		{7153020B-5D37-C360-C697-BDB3B29AADE2}.Debug|Mac.Build.0 = Debug Mac|x64
		{7153020B-5D37-C360-C697-BDB3B29AADE2}.Debug|Unix.ActiveCfg = Debug Unix|x64
		{7153020B-5D37-C360-C697-BDB3B29AADE2}.Debug|Unix.Build.0 = Debug Unix|x64
		{7153020B-5D37-C360-C697-BDB3B29AADE2}.Debug|Windows.ActiveCfg = Debug Windows|x64
		{7153020B-5D37-C360-C697-BDB3B29AADE2}.Debug|Windows.Build.0 = Debug Windows|x64
		{7153020B-5D37-C360-C697-BDB3B29AADE2}.Release|Mac.ActiveCfg = Release Mac|x64
		{7153020B-5D37-C360-C697-BDB3B29AADE2}.Release|Mac.Build.0 = Release Mac|x64
		{7153020B-5D37-C360-C697-BDB3B29AADE2}.Release|Unix.ActiveCfg = Release Unix|x64
		{7153020B-5D37-C360-C697-BDB3B29AADE2}.Release|Unix.Build.0 = Release Unix|x64
		{7153020B-5D37-C360-C697-BDB3B29AADE2}.Release|Windows.ActiveCfg = Release Windows|x64
		{7153020B-5D37-C360-C697-BDB3B29AADE2}.Release|Windows.Build.0 = Release Windows|x64
	EndGlobalSection
	GlobalSection(SolutionProperties) = preSolution
		HideSolutionNode = FALSE
	EndGlobalSection
	GlobalSection(NestedProjects) = preSolution
		{6EE9D18F-5AB6-2C9B-83CF-1A436FFB6129} = {65CB7E83-D18B-FAB9-9AC6-433706463F96}
		{2EB4837C-1AEB-840D-C3D7-6A10AFED000F} = {65CB7E83-D18B-FAB9-9AC6-433706463F96}
		{6DC42202-5927-B2A6-02AD-EA5CEEEE7D29} = {65CB7E83-D18B-FAB9-9AC6-433706463F96}
		{BF92744A-ABF5-03EF-547B-3CA540BDCF71} = {65CB7E83-D18B-FAB9-9AC6-433706463F96}
		{A88D2DBA-942F-5890-7DEA-6BE4692BDFE0} = {65CB7E83-D18B-FAB9-9AC6-433706463F96}
		{028BA70D-6E9F-CFBE-3721-731EA3F4CBEF} = {65CB7E83-D18B-FAB9-9AC6-433706463F96}
		{BE94DDC2-AA36-0899-93F1-1BED7F328FE9} = {65CB7E83-D18B-FAB9-9AC6-433706463F96}
		{7E8F1DD3-EA4F-9909-B38A-E2861F0ADEE5} = {65CB7E83-D18B-FAB9-9AC6-433706463F96}
		{21E66A18-8D50-1F8F-D68E-D0344238FDE3} = {1FCE6517-8B83-DE0C-1478-D8E3802CD510}
		{C0F5E8DE-2C0C-E774-7583-7296E1D8B7FC} = {1FCE6517-8B83-DE0C-1478-D8E3802CD510}
		{E884140A-D43C-5657-3D44-2FB3291BF147} = {1FCE6517-8B83-DE0C-1478-D8E3802CD510}
		{7521EAF5-61D9-2B43-CAE0-049FB6B7C633} = {1FCE6517-8B83-DE0C-1478-D8E3802CD510}
		{B1A0D711-1D56-5007-A64A-4ADE12FF460B} = {1FCE6517-8B83-DE0C-1478-D8E3802CD510}
		{7153020B-5D37-C360-C697-BDB3B29AADE2} = {1FCE6517-8B83-DE0C-1478-D8E3802CD510}
	EndGlobalSection
EndGlobal
